
Microsoft Visual Studio Solution File, Format Version 12.00
# Visual Studio Version 17
VisualStudioVersion = 17.0.31903.59
MinimumVisualStudioVersion = 10.0.40219.1
Project("{FAE04EC0-301F-11D3-BF4B-00C04F79EFBC}") = "FlashLaunch.UI", "FlashLaunch.UI\FlashLaunch.UI.csproj", "{DCE25F04-14AD-460D-8B8C-502C6066644C}"
EndProject
Project("{FAE04EC0-301F-11D3-BF4B-00C04F79EFBC}") = "FlashLaunch.Core", "FlashLaunch.Core\FlashLaunch.Core.csproj", "{35BF6F60-EF44-432E-A9F1-F6359ACBC7A4}"
EndProject
Project("{FAE04EC0-301F-11D3-BF4B-00C04F79EFBC}") = "FlashLaunch.PluginSdk", "FlashLaunch.PluginSdk\FlashLaunch.PluginSdk.csproj", "{6C73E6D4-1B8B-4D91-87DA-8B50A5A8F9C1}"
EndProject
Project("{FAE04EC0-301F-11D3-BF4B-00C04F79EFBC}") = "FlashLaunch.PluginHostSdk", "FlashLaunch.PluginHostSdk\FlashLaunch.PluginHostSdk.csproj", "{C2AC52A7-8A5B-4C43-9C93-4B34B0A66B22}"
EndProject
Project("{FAE04EC0-301F-11D3-BF4B-00C04F79EFBC}") = "FlashLaunch.Plugins.AppLauncher", "FlashLaunch.Plugins.AppLauncher\FlashLaunch.Plugins.AppLauncher.csproj", "{30A71D12-D1E4-41EE-B56D-D4E8EFFB8012}"
EndProject
Project("{FAE04EC0-301F-11D3-BF4B-00C04F79EFBC}") = "FlashLaunch.Plugins.Calculator", "FlashLaunch.Plugins.Calculator\FlashLaunch.Plugins.Calculator.csproj", "{B4BF4D52-D5F0-40AB-A1E5-00283D469C2F}"
EndProject
Project("{FAE04EC0-301F-11D3-BF4B-00C04F79EFBC}") = "FlashLaunch.Plugins.WebSearch", "FlashLaunch.Plugins.WebSearch\FlashLaunch.Plugins.WebSearch.csproj", "{8A68578B-7A1C-4A32-AB1D-A1F66B151B7D}"
EndProject
Project("{FAE04EC0-301F-11D3-BF4B-00C04F79EFBC}") = "FlashLaunch.Plugins.SystemCommands", "FlashLaunch.Plugins.SystemCommands\FlashLaunch.Plugins.SystemCommands.csproj", "{B63C377E-E139-4859-955B-C2C0F20AAA3F}"
EndProject
Global
	GlobalSection(SolutionConfigurationPlatforms) = preSolution
		Debug|Any CPU = Debug|Any CPU
		Debug|x64 = Debug|x64
		Debug|x86 = Debug|x86
		Release|Any CPU = Release|Any CPU
		Release|x64 = Release|x64
		Release|x86 = Release|x86
	EndGlobalSection
	GlobalSection(ProjectConfigurationPlatforms) = postSolution
		{DCE25F04-14AD-460D-8B8C-502C6066644C}.Debug|Any CPU.ActiveCfg = Debug|Any CPU
		{DCE25F04-14AD-460D-8B8C-502C6066644C}.Debug|Any CPU.Build.0 = Debug|Any CPU
		{DCE25F04-14AD-460D-8B8C-502C6066644C}.Debug|x64.ActiveCfg = Debug|Any CPU
		{DCE25F04-14AD-460D-8B8C-502C6066644C}.Debug|x64.Build.0 = Debug|Any CPU
		{DCE25F04-14AD-460D-8B8C-502C6066644C}.Debug|x86.ActiveCfg = Debug|Any CPU
		{DCE25F04-14AD-460D-8B8C-502C6066644C}.Debug|x86.Build.0 = Debug|Any CPU
		{DCE25F04-14AD-460D-8B8C-502C6066644C}.Release|Any CPU.ActiveCfg = Release|Any CPU
		{DCE25F04-14AD-460D-8B8C-502C6066644C}.Release|Any CPU.Build.0 = Release|Any CPU
		{DCE25F04-14AD-460D-8B8C-502C6066644C}.Release|x64.ActiveCfg = Release|Any CPU
		{DCE25F04-14AD-460D-8B8C-502C6066644C}.Release|x64.Build.0 = Release|Any CPU
		{DCE25F04-14AD-460D-8B8C-502C6066644C}.Release|x86.ActiveCfg = Release|Any CPU
		{DCE25F04-14AD-460D-8B8C-502C6066644C}.Release|x86.Build.0 = Release|Any CPU
		{35BF6F60-EF44-432E-A9F1-F6359ACBC7A4}.Debug|Any CPU.ActiveCfg = Debug|Any CPU
		{35BF6F60-EF44-432E-A9F1-F6359ACBC7A4}.Debug|Any CPU.Build.0 = Debug|Any CPU
		{35BF6F60-EF44-432E-A9F1-F6359ACBC7A4}.Debug|x64.ActiveCfg = Debug|Any CPU
		{35BF6F60-EF44-432E-A9F1-F6359ACBC7A4}.Debug|x64.Build.0 = Debug|Any CPU
		{35BF6F60-EF44-432E-A9F1-F6359ACBC7A4}.Debug|x86.ActiveCfg = Debug|Any CPU
		{35BF6F60-EF44-432E-A9F1-F6359ACBC7A4}.Debug|x86.Build.0 = Debug|Any CPU
		{35BF6F60-EF44-432E-A9F1-F6359ACBC7A4}.Release|Any CPU.ActiveCfg = Release|Any CPU
		{35BF6F60-EF44-432E-A9F1-F6359ACBC7A4}.Release|Any CPU.Build.0 = Release|Any CPU
		{35BF6F60-EF44-432E-A9F1-F6359ACBC7A4}.Release|x64.ActiveCfg = Release|Any CPU
		{35BF6F60-EF44-432E-A9F1-F6359ACBC7A4}.Release|x64.Build.0 = Release|Any CPU
		{35BF6F60-EF44-432E-A9F1-F6359ACBC7A4}.Release|x86.ActiveCfg = Release|Any CPU
		{35BF6F60-EF44-432E-A9F1-F6359ACBC7A4}.Release|x86.Build.0 = Release|Any CPU
		{6C73E6D4-1B8B-4D91-87DA-8B50A5A8F9C1}.Debug|Any CPU.ActiveCfg = Debug|Any CPU
		{6C73E6D4-1B8B-4D91-87DA-8B50A5A8F9C1}.Debug|Any CPU.Build.0 = Debug|Any CPU
		{6C73E6D4-1B8B-4D91-87DA-8B50A5A8F9C1}.Debug|x64.ActiveCfg = Debug|Any CPU
		{6C73E6D4-1B8B-4D91-87DA-8B50A5A8F9C1}.Debug|x64.Build.0 = Debug|Any CPU
		{6C73E6D4-1B8B-4D91-87DA-8B50A5A8F9C1}.Debug|x86.ActiveCfg = Debug|Any CPU
		{6C73E6D4-1B8B-4D91-87DA-8B50A5A8F9C1}.Debug|x86.Build.0 = Debug|Any CPU
		{6C73E6D4-1B8B-4D91-87DA-8B50A5A8F9C1}.Release|Any CPU.ActiveCfg = Release|Any CPU
		{6C73E6D4-1B8B-4D91-87DA-8B50A5A8F9C1}.Release|Any CPU.Build.0 = Release|Any CPU
		{6C73E6D4-1B8B-4D91-87DA-8B50A5A8F9C1}.Release|x64.ActiveCfg = Release|Any CPU
		{6C73E6D4-1B8B-4D91-87DA-8B50A5A8F9C1}.Release|x64.Build.0 = Release|Any CPU
		{6C73E6D4-1B8B-4D91-87DA-8B50A5A8F9C1}.Release|x86.ActiveCfg = Release|Any CPU
		{6C73E6D4-1B8B-4D91-87DA-8B50A5A8F9C1}.Release|x86.Build.0 = Release|Any CPU
		{C2AC52A7-8A5B-4C43-9C93-4B34B0A66B22}.Debug|Any CPU.ActiveCfg = Debug|Any CPU
		{C2AC52A7-8A5B-4C43-9C93-4B34B0A66B22}.Debug|Any CPU.Build.0 = Debug|Any CPU
		{C2AC52A7-8A5B-4C43-9C93-4B34B0A66B22}.Debug|x64.ActiveCfg = Debug|Any CPU
		{C2AC52A7-8A5B-4C43-9C93-4B34B0A66B22}.Debug|x64.Build.0 = Debug|Any CPU
		{C2AC52A7-8A5B-4C43-9C93-4B34B0A66B22}.Debug|x86.ActiveCfg = Debug|Any CPU
		{C2AC52A7-8A5B-4C43-9C93-4B34B0A66B22}.Debug|x86.Build.0 = Debug|Any CPU
		{C2AC52A7-8A5B-4C43-9C93-4B34B0A66B22}.Release|Any CPU.ActiveCfg = Release|Any CPU
		{C2AC52A7-8A5B-4C43-9C93-4B34B0A66B22}.Release|Any CPU.Build.0 = Release|Any CPU
		{C2AC52A7-8A5B-4C43-9C93-4B34B0A66B22}.Release|x64.ActiveCfg = Release|Any CPU
		{C2AC52A7-8A5B-4C43-9C93-4B34B0A66B22}.Release|x64.Build.0 = Release|Any CPU
		{C2AC52A7-8A5B-4C43-9C93-4B34B0A66B22}.Release|x86.ActiveCfg = Release|Any CPU
		{C2AC52A7-8A5B-4C43-9C93-4B34B0A66B22}.Release|x86.Build.0 = Release|Any CPU
		{30A71D12-D1E4-41EE-B56D-D4E8EFFB8012}.Debug|Any CPU.ActiveCfg = Debug|Any CPU
		{30A71D12-D1E4-41EE-B56D-D4E8EFFB8012}.Debug|Any CPU.Build.0 = Debug|Any CPU
		{30A71D12-D1E4-41EE-B56D-D4E8EFFB8012}.Debug|x64.ActiveCfg = Debug|Any CPU
		{30A71D12-D1E4-41EE-B56D-D4E8EFFB8012}.Debug|x64.Build.0 = Debug|Any CPU
		{30A71D12-D1E4-41EE-B56D-D4E8EFFB8012}.Debug|x86.ActiveCfg = Debug|Any CPU
		{30A71D12-D1E4-41EE-B56D-D4E8EFFB8012}.Debug|x86.Build.0 = Debug|Any CPU
		{30A71D12-D1E4-41EE-B56D-D4E8EFFB8012}.Release|Any CPU.ActiveCfg = Release|Any CPU
		{30A71D12-D1E4-41EE-B56D-D4E8EFFB8012}.Release|Any CPU.Build.0 = Release|Any CPU
		{30A71D12-D1E4-41EE-B56D-D4E8EFFB8012}.Release|x64.ActiveCfg = Release|Any CPU
		{30A71D12-D1E4-41EE-B56D-D4E8EFFB8012}.Release|x64.Build.0 = Release|Any CPU
		{30A71D12-D1E4-41EE-B56D-D4E8EFFB8012}.Release|x86.ActiveCfg = Release|Any CPU
		{30A71D12-D1E4-41EE-B56D-D4E8EFFB8012}.Release|x86.Build.0 = Release|Any CPU
		{B4BF4D52-D5F0-40AB-A1E5-00283D469C2F}.Debug|Any CPU.ActiveCfg = Debug|Any CPU
		{B4BF4D52-D5F0-40AB-A1E5-00283D469C2F}.Debug|Any CPU.Build.0 = Debug|Any CPU
		{B4BF4D52-D5F0-40AB-A1E5-00283D469C2F}.Debug|x64.ActiveCfg = Debug|Any CPU
		{B4BF4D52-D5F0-40AB-A1E5-00283D469C2F}.Debug|x64.Build.0 = Debug|Any CPU
		{B4BF4D52-D5F0-40AB-A1E5-00283D469C2F}.Debug|x86.ActiveCfg = Debug|Any CPU
		{B4BF4D52-D5F0-40AB-A1E5-00283D469C2F}.Debug|x86.Build.0 = Debug|Any CPU
		{B4BF4D52-D5F0-40AB-A1E5-00283D469C2F}.Release|Any CPU.ActiveCfg = Release|Any CPU
		{B4BF4D52-D5F0-40AB-A1E5-00283D469C2F}.Release|Any CPU.Build.0 = Release|Any CPU
		{B4BF4D52-D5F0-40AB-A1E5-00283D469C2F}.Release|x64.ActiveCfg = Release|Any CPU
		{B4BF4D52-D5F0-40AB-A1E5-00283D469C2F}.Release|x64.Build.0 = Release|Any CPU
		{B4BF4D52-D5F0-40AB-A1E5-00283D469C2F}.Release|x86.ActiveCfg = Release|Any CPU
		{B4BF4D52-D5F0-40AB-A1E5-00283D469C2F}.Release|x86.Build.0 = Release|Any CPU
		{8A68578B-7A1C-4A32-AB1D-A1F66B151B7D}.Debug|Any CPU.ActiveCfg = Debug|Any CPU
		{8A68578B-7A1C-4A32-AB1D-A1F66B151B7D}.Debug|Any CPU.Build.0 = Debug|Any CPU
		{8A68578B-7A1C-4A32-AB1D-A1F66B151B7D}.Debug|x64.ActiveCfg = Debug|Any CPU
		{8A68578B-7A1C-4A32-AB1D-A1F66B151B7D}.Debug|x64.Build.0 = Debug|Any CPU
		{8A68578B-7A1C-4A32-AB1D-A1F66B151B7D}.Debug|x86.ActiveCfg = Debug|Any CPU
		{8A68578B-7A1C-4A32-AB1D-A1F66B151B7D}.Debug|x86.Build.0 = Debug|Any CPU
		{8A68578B-7A1C-4A32-AB1D-A1F66B151B7D}.Release|Any CPU.ActiveCfg = Release|Any CPU
		{8A68578B-7A1C-4A32-AB1D-A1F66B151B7D}.Release|Any CPU.Build.0 = Release|Any CPU
		{8A68578B-7A1C-4A32-AB1D-A1F66B151B7D}.Release|x64.ActiveCfg = Release|Any CPU
		{8A68578B-7A1C-4A32-AB1D-A1F66B151B7D}.Release|x64.Build.0 = Release|Any CPU
		{8A68578B-7A1C-4A32-AB1D-A1F66B151B7D}.Release|x86.ActiveCfg = Release|Any CPU
		{8A68578B-7A1C-4A32-AB1D-A1F66B151B7D}.Release|x86.Build.0 = Release|Any CPU
		{B63C377E-E139-4859-955B-C2C0F20AAA3F}.Debug|Any CPU.ActiveCfg = Debug|Any CPU
		{B63C377E-E139-4859-955B-C2C0F20AAA3F}.Debug|Any CPU.Build.0 = Debug|Any CPU
		{B63C377E-E139-4859-955B-C2C0F20AAA3F}.Debug|x64.ActiveCfg = Debug|Any CPU
		{B63C377E-E139-4859-955B-C2C0F20AAA3F}.Debug|x64.Build.0 = Debug|Any CPU
		{B63C377E-E139-4859-955B-C2C0F20AAA3F}.Debug|x86.ActiveCfg = Debug|Any CPU
		{B63C377E-E139-4859-955B-C2C0F20AAA3F}.Debug|x86.Build.0 = Debug|Any CPU
		{B63C377E-E139-4859-955B-C2C0F20AAA3F}.Release|Any CPU.ActiveCfg = Release|Any CPU
		{B63C377E-E139-4859-955B-C2C0F20AAA3F}.Release|Any CPU.Build.0 = Release|Any CPU
		{B63C377E-E139-4859-955B-C2C0F20AAA3F}.Release|x64.ActiveCfg = Release|Any CPU
		{B63C377E-E139-4859-955B-C2C0F20AAA3F}.Release|x64.Build.0 = Release|Any CPU
		{B63C377E-E139-4859-955B-C2C0F20AAA3F}.Release|x86.ActiveCfg = Release|Any CPU
		{B63C377E-E139-4859-955B-C2C0F20AAA3F}.Release|x86.Build.0 = Release|Any CPU
	EndGlobalSection
	GlobalSection(SolutionProperties) = preSolution
		HideSolutionNode = FALSE
	EndGlobalSection
EndGlobal
